lockfileVersion: 5.3

importers:

  .:
    specifiers:
      turbo: ^1.2.8
    devDependencies:
      turbo: 1.2.8

  api-gw:
    specifiers:
      '@aws-cdk/aws-apigatewayv2-alpha': ^2.22.0-alpha.0
      '@aws-cdk/aws-apigatewayv2-integrations-alpha': ^2.22.0-alpha.0
      '@stacks/cloudfront': '*'
      aws-cdk: ^2.22.0
      aws-cdk-lib: ^2.0.0
      constructs: ^10.0.0
      typescript: ^4.6.4
    dependencies:
      '@aws-cdk/aws-apigatewayv2-alpha': 2.22.0-alpha.0_bae347a9c403b078e1b547c8a73459de
      '@aws-cdk/aws-apigatewayv2-integrations-alpha': 2.22.0-alpha.0_84729fed53f7996d7a8da2df9ab5c23e
      '@stacks/cloudfront': link:../cloudfront
      aws-cdk-lib: 2.22.0_constructs@10.0.130
      constructs: 10.0.130
    devDependencies:
      aws-cdk: 2.22.0
      typescript: 4.6.4

  cloudfront:
    specifiers:
      '@aws-crypto/sha256-js': ^2.0.1
      '@aws-sdk/signature-v4': ^3.78.0
      '@tsconfig/node14': ^1.0.1
      '@types/aws-lambda': ^8.10.95
      '@types/node': ^14.0.0
      '@vercel/ncc': ^0.33.4
      aws-cdk-lib: ^2.0.0
      constructs: ^10.0.0
      ncc-zip: ^2.0.0
    dependencies:
      '@aws-crypto/sha256-js': 2.0.1
      '@aws-sdk/signature-v4': 3.78.0
      aws-cdk-lib: 2.22.0_constructs@10.0.130
      constructs: 10.0.130
    devDependencies:
      '@tsconfig/node14': 1.0.1
      '@types/aws-lambda': 8.10.95
      '@types/node': 14.18.16
      '@vercel/ncc': 0.33.4
      ncc-zip: 2.0.0_@vercel+ncc@0.33.4

  function-url:
    specifiers:
      '@stacks/cloudfront': '*'
      aws-cdk: ^2.22.0
      aws-cdk-lib: ^2.0.0
      constructs: ^10.0.0
      typescript: ^4.6.4
    dependencies:
      '@stacks/cloudfront': link:../cloudfront
      aws-cdk-lib: 2.22.0_constructs@10.0.130
      constructs: 10.0.130
    devDependencies:
      aws-cdk: 2.22.0
      typescript: 4.6.4

  test:
    specifiers:
      '@aws-crypto/sha256-js': ^2.0.1
      '@aws-sdk/credential-providers': ^3.82.0
      '@aws-sdk/signature-v4': ^3.78.0
      '@aws-sdk/types': ^3.78.0
      '@aws-sdk/util-hex-encoding': ^3.58.0
      '@tsconfig/node14': ^1.0.1
      '@types/node': ^14.0.0
      '@types/node-fetch': ^2.0.0
      node-fetch: ^2.6.7
      typescript: ^4.6.4
    dependencies:
      '@aws-crypto/sha256-js': 2.0.1
      '@aws-sdk/signature-v4': 3.78.0
      '@aws-sdk/util-hex-encoding': 3.58.0
      '@types/node-fetch': 2.6.1
      node-fetch: 2.6.7
    devDependencies:
      '@aws-sdk/credential-providers': 3.82.0
      '@aws-sdk/types': 3.78.0
      '@tsconfig/node14': 1.0.1
      '@types/node': 14.18.16
      typescript: 4.6.4

packages:

  /@aws-cdk/aws-apigatewayv2-alpha/2.22.0-alpha.0_bae347a9c403b078e1b547c8a73459de:
    resolution: {integrity: sha512-O8ZY2ny8TapdvD6iIULzBKJ4rn9JlmkwfDzfR7cYl7y+P220sLh1iJmU/m1yqtIRMLjv2022XCNBMZUJfwpVqQ==}
    engines: {node: '>= 14.15.0'}
    peerDependencies:
      aws-cdk-lib: ^2.22.0
      constructs: ^10.0.0
    dependencies:
      aws-cdk-lib: 2.22.0_constructs@10.0.130
      constructs: 10.0.130
    dev: false

  /@aws-cdk/aws-apigatewayv2-integrations-alpha/2.22.0-alpha.0_84729fed53f7996d7a8da2df9ab5c23e:
    resolution: {integrity: sha512-QVXHA8J6ECkE29aT3Rnwtgxq15eDW3SlMuX8Z9J3BVqPPAH7rLAruD3hKL//KklVFd8xke7zBxMeYJ5CGkduZA==}
    engines: {node: '>= 14.15.0'}
    peerDependencies:
      '@aws-cdk/aws-apigatewayv2-alpha': 2.22.0-alpha.0
      aws-cdk-lib: ^2.22.0
      constructs: ^10.0.0
    dependencies:
      '@aws-cdk/aws-apigatewayv2-alpha': 2.22.0-alpha.0_bae347a9c403b078e1b547c8a73459de
      aws-cdk-lib: 2.22.0_constructs@10.0.130
      constructs: 10.0.130
    dev: false

  /@aws-crypto/ie11-detection/2.0.0:
    resolution: {integrity: sha512-pkVXf/dq6PITJ0jzYZ69VhL8VFOFoPZLZqtU/12SGnzYuJOOGNfF41q9GxdI1yqC8R13Rq3jOLKDFpUJFT5eTA==}
    dependencies:
      tslib: 1.14.1
    dev: true

  /@aws-crypto/sha256-browser/2.0.0:
    resolution: {integrity: sha512-rYXOQ8BFOaqMEHJrLHul/25ckWH6GTJtdLSajhlqGMx0PmSueAuvboCuZCTqEKlxR8CQOwRarxYMZZSYlhRA1A==}
    dependencies:
      '@aws-crypto/ie11-detection': 2.0.0
      '@aws-crypto/sha256-js': 2.0.1
      '@aws-crypto/supports-web-crypto': 2.0.0
      '@aws-crypto/util': 2.0.1
      '@aws-sdk/types': 3.78.0
      '@aws-sdk/util-locate-window': 3.55.0
      '@aws-sdk/util-utf8-browser': 3.55.0
      tslib: 1.14.1
    dev: true

  /@aws-crypto/sha256-js/2.0.0:
    resolution: {integrity: sha512-VZY+mCY4Nmrs5WGfitmNqXzaE873fcIZDu54cbaDaaamsaTOP1DBImV9F4pICc3EHjQXujyE8jig+PFCaew9ig==}
    dependencies:
      '@aws-crypto/util': 2.0.1
      '@aws-sdk/types': 3.78.0
      tslib: 1.14.1
    dev: true

  /@aws-crypto/sha256-js/2.0.1:
    resolution: {integrity: sha512-mbHTBSPBvg6o/mN/c18Z/zifM05eJrapj5ggoOIeHIWckvkv5VgGi7r/wYpt+QAO2ySKXLNvH2d8L7bne4xrMQ==}
    dependencies:
      '@aws-crypto/util': 2.0.1
      '@aws-sdk/types': 3.78.0
      tslib: 1.14.1

  /@aws-crypto/supports-web-crypto/2.0.0:
    resolution: {integrity: sha512-Ge7WQ3E0OC7FHYprsZV3h0QIcpdyJLvIeg+uTuHqRYm8D6qCFJoiC+edSzSyFiHtZf+NOQDJ1q46qxjtzIY2nA==}
    dependencies:
      tslib: 1.14.1
    dev: true

  /@aws-crypto/util/2.0.1:
    resolution: {integrity: sha512-JJmFFwvbm08lULw4Nm5QOLg8+lAQeC8aCXK5xrtxntYzYXCGfHwUJ4Is3770Q7HmICsXthGQ+ZsDL7C2uH3yBQ==}
    dependencies:
      '@aws-sdk/types': 3.78.0
      '@aws-sdk/util-utf8-browser': 3.55.0
      tslib: 1.14.1

  /@aws-sdk/abort-controller/3.78.0:
    resolution: {integrity: sha512-iz1YLwM2feJUj/y97yO4XmDeTxs+yZ1XJwQgoawKuc8IDBKUutnJNCHL5jL04WUKU7Nrlq+Hr2fCTScFh2z9zg==}
    engines: {node: '>= 12.0.0'}
    dependencies:
      '@aws-sdk/types': 3.78.0
      tslib: 2.4.0
    dev: true

  /@aws-sdk/client-cognito-identity/3.82.0:
    resolution: {integrity: sha512-oLep4jrR2QimSfyTscqqOden/D7W+xHJt9X0A8Qew2cq9l11BFlIGQ3/q+cmP33wfmMYYtUvtqt2ZKWVhnQ/wA==}
    engines: {node: '>=12.0.0'}
    dependencies:
      '@aws-crypto/sha256-browser': 2.0.0
      '@aws-crypto/sha256-js': 2.0.0
      '@aws-sdk/client-sts': 3.82.0
      '@aws-sdk/config-resolver': 3.80.0
      '@aws-sdk/credential-provider-node': 3.82.0
      '@aws-sdk/fetch-http-handler': 3.78.0
      '@aws-sdk/hash-node': 3.78.0
      '@aws-sdk/invalid-dependency': 3.78.0
      '@aws-sdk/middleware-content-length': 3.78.0
      '@aws-sdk/middleware-host-header': 3.78.0
      '@aws-sdk/middleware-logger': 3.78.0
      '@aws-sdk/middleware-retry': 3.80.0
      '@aws-sdk/middleware-serde': 3.78.0
      '@aws-sdk/middleware-signing': 3.78.0
      '@aws-sdk/middleware-stack': 3.78.0
      '@aws-sdk/middleware-user-agent': 3.78.0
      '@aws-sdk/node-config-provider': 3.80.0
      '@aws-sdk/node-http-handler': 3.82.0
      '@aws-sdk/protocol-http': 3.78.0
      '@aws-sdk/smithy-client': 3.78.0
      '@aws-sdk/types': 3.78.0
      '@aws-sdk/url-parser': 3.78.0
      '@aws-sdk/util-base64-browser': 3.58.0
      '@aws-sdk/util-base64-node': 3.55.0
      '@aws-sdk/util-body-length-browser': 3.55.0
      '@aws-sdk/util-body-length-node': 3.55.0
      '@aws-sdk/util-defaults-mode-browser': 3.78.0
      '@aws-sdk/util-defaults-mode-node': 3.81.0
      '@aws-sdk/util-user-agent-browser': 3.78.0
      '@aws-sdk/util-user-agent-node': 3.80.0
      '@aws-sdk/util-utf8-browser': 3.55.0
      '@aws-sdk/util-utf8-node': 3.55.0
      tslib: 2.4.0
    dev: true

  /@aws-sdk/client-sso/3.82.0:
    resolution: {integrity: sha512-zfscjrufPLh1RwdVMDx+5xxZbrY64UD4aSHlmWcPxE8ySj2MVfoE18EBQcCgY82U5QgssT7yxtUirxyI2b92tw==}
    engines: {node: '>=12.0.0'}
    dependencies:
      '@aws-crypto/sha256-browser': 2.0.0
      '@aws-crypto/sha256-js': 2.0.0
      '@aws-sdk/config-resolver': 3.80.0
      '@aws-sdk/fetch-http-handler': 3.78.0
      '@aws-sdk/hash-node': 3.78.0
      '@aws-sdk/invalid-dependency': 3.78.0
      '@aws-sdk/middleware-content-length': 3.78.0
      '@aws-sdk/middleware-host-header': 3.78.0
      '@aws-sdk/middleware-logger': 3.78.0
      '@aws-sdk/middleware-retry': 3.80.0
      '@aws-sdk/middleware-serde': 3.78.0
      '@aws-sdk/middleware-stack': 3.78.0
      '@aws-sdk/middleware-user-agent': 3.78.0
      '@aws-sdk/node-config-provider': 3.80.0
      '@aws-sdk/node-http-handler': 3.82.0
      '@aws-sdk/protocol-http': 3.78.0
      '@aws-sdk/smithy-client': 3.78.0
      '@aws-sdk/types': 3.78.0
      '@aws-sdk/url-parser': 3.78.0
      '@aws-sdk/util-base64-browser': 3.58.0
      '@aws-sdk/util-base64-node': 3.55.0
      '@aws-sdk/util-body-length-browser': 3.55.0
      '@aws-sdk/util-body-length-node': 3.55.0
      '@aws-sdk/util-defaults-mode-browser': 3.78.0
      '@aws-sdk/util-defaults-mode-node': 3.81.0
      '@aws-sdk/util-user-agent-browser': 3.78.0
      '@aws-sdk/util-user-agent-node': 3.80.0
      '@aws-sdk/util-utf8-browser': 3.55.0
      '@aws-sdk/util-utf8-node': 3.55.0
      tslib: 2.4.0
    dev: true

  /@aws-sdk/client-sts/3.82.0:
    resolution: {integrity: sha512-gR1dz/a6lMD2U+AUpLUocXDruDDQFCUoknrpzMZPCAVsamrF17dwKKCgKVlz6zseHP6uPMPluuppvYQ16wsYyQ==}
    engines: {node: '>=12.0.0'}
    dependencies:
      '@aws-crypto/sha256-browser': 2.0.0
      '@aws-crypto/sha256-js': 2.0.0
      '@aws-sdk/config-resolver': 3.80.0
      '@aws-sdk/credential-provider-node': 3.82.0
      '@aws-sdk/fetch-http-handler': 3.78.0
      '@aws-sdk/hash-node': 3.78.0
      '@aws-sdk/invalid-dependency': 3.78.0
      '@aws-sdk/middleware-content-length': 3.78.0
      '@aws-sdk/middleware-host-header': 3.78.0
      '@aws-sdk/middleware-logger': 3.78.0
      '@aws-sdk/middleware-retry': 3.80.0
      '@aws-sdk/middleware-sdk-sts': 3.78.0
      '@aws-sdk/middleware-serde': 3.78.0
      '@aws-sdk/middleware-signing': 3.78.0
      '@aws-sdk/middleware-stack': 3.78.0
      '@aws-sdk/middleware-user-agent': 3.78.0
      '@aws-sdk/node-config-provider': 3.80.0
      '@aws-sdk/node-http-handler': 3.82.0
      '@aws-sdk/protocol-http': 3.78.0
      '@aws-sdk/smithy-client': 3.78.0
      '@aws-sdk/types': 3.78.0
      '@aws-sdk/url-parser': 3.78.0
      '@aws-sdk/util-base64-browser': 3.58.0
      '@aws-sdk/util-base64-node': 3.55.0
      '@aws-sdk/util-body-length-browser': 3.55.0
      '@aws-sdk/util-body-length-node': 3.55.0
      '@aws-sdk/util-defaults-mode-browser': 3.78.0
      '@aws-sdk/util-defaults-mode-node': 3.81.0
      '@aws-sdk/util-user-agent-browser': 3.78.0
      '@aws-sdk/util-user-agent-node': 3.80.0
      '@aws-sdk/util-utf8-browser': 3.55.0
      '@aws-sdk/util-utf8-node': 3.55.0
      entities: 2.2.0
      fast-xml-parser: 3.19.0
      tslib: 2.4.0
    dev: true

  /@aws-sdk/config-resolver/3.80.0:
    resolution: {integrity: sha512-vFruNKlmhsaC8yjnHmasi1WW/7EELlEuFTj4mqcqNqR4dfraf0maVvpqF1VSR8EstpFMsGYI5dmoWAnnG4PcLQ==}
    engines: {node: '>= 12.0.0'}
    dependencies:
      '@aws-sdk/signature-v4': 3.78.0
      '@aws-sdk/types': 3.78.0
      '@aws-sdk/util-config-provider': 3.55.0
      '@aws-sdk/util-middleware': 3.78.0
      tslib: 2.4.0
    dev: true

  /@aws-sdk/credential-provider-cognito-identity/3.82.0:
    resolution: {integrity: sha512-OEo1VYehlGmcYw3x3rmqc6+g2ydF4cLneJeqbB+Aj9J786IWUpiVoRQEZbBG6mFw/qXQ5XSJP95Vo35I6GXD0w==}
    engines: {node: '>= 12.0.0'}
    dependencies:
      '@aws-sdk/client-cognito-identity': 3.82.0
      '@aws-sdk/property-provider': 3.78.0
      '@aws-sdk/types': 3.78.0
      tslib: 2.4.0
    dev: true

  /@aws-sdk/credential-provider-env/3.78.0:
    resolution: {integrity: sha512-K41VTIzVHm2RyIwtBER8Hte3huUBXdV1WKO+i7olYVgLFmaqcZUNrlyoGDRqZcQ/u4AbxTzBU9jeMIbIfzMOWg==}
    engines: {node: '>= 12.0.0'}
    dependencies:
      '@aws-sdk/property-provider': 3.78.0
      '@aws-sdk/types': 3.78.0
      tslib: 2.4.0
    dev: true

  /@aws-sdk/credential-provider-imds/3.81.0:
    resolution: {integrity: sha512-BHopP+gaovTYj+4tSrwCk8NNCR48gE9CWmpIOLkP9ell0gOL81Qh7aCEiIK0BZBZkccv1s16cYq1MSZZGS7PEQ==}
    engines: {node: '>= 12.0.0'}
    dependencies:
      '@aws-sdk/node-config-provider': 3.80.0
      '@aws-sdk/property-provider': 3.78.0
      '@aws-sdk/types': 3.78.0
      '@aws-sdk/url-parser': 3.78.0
      tslib: 2.4.0
    dev: true

  /@aws-sdk/credential-provider-ini/3.82.0:
    resolution: {integrity: sha512-2HrH5Ok/ZpN/81JbIY+HiKjNtGoXP50jyX8a5Dpez41hLuXek7j2ENWRcNOMkPtot+Ri088h661Y7sdzOv1etg==}
    engines: {node: '>= 12.0.0'}
    dependencies:
      '@aws-sdk/credential-provider-env': 3.78.0
      '@aws-sdk/credential-provider-imds': 3.81.0
      '@aws-sdk/credential-provider-sso': 3.82.0
      '@aws-sdk/credential-provider-web-identity': 3.78.0
      '@aws-sdk/property-provider': 3.78.0
      '@aws-sdk/shared-ini-file-loader': 3.80.0
      '@aws-sdk/types': 3.78.0
      tslib: 2.4.0
    dev: true

  /@aws-sdk/credential-provider-node/3.82.0:
    resolution: {integrity: sha512-jjZj5h+tKaFBl/RnZ4Atpdtot6ZK4F2EBC8t+sNnFhPqcnhO42+7tLZ/aXhdY1oCvD54RG3exHFRsY6qDe8MhQ==}
    engines: {node: '>=12.0.0'}
    dependencies:
      '@aws-sdk/credential-provider-env': 3.78.0
      '@aws-sdk/credential-provider-imds': 3.81.0
      '@aws-sdk/credential-provider-ini': 3.82.0
      '@aws-sdk/credential-provider-process': 3.80.0
      '@aws-sdk/credential-provider-sso': 3.82.0
      '@aws-sdk/credential-provider-web-identity': 3.78.0
      '@aws-sdk/property-provider': 3.78.0
      '@aws-sdk/shared-ini-file-loader': 3.80.0
      '@aws-sdk/types': 3.78.0
      tslib: 2.4.0
    dev: true

  /@aws-sdk/credential-provider-process/3.80.0:
    resolution: {integrity: sha512-3Ro+kMMyLUJHefOhGc5pOO/ibGcJi8bkj0z/Jtqd5I2Sm1qi7avoztST67/k48KMW1OqPnD/FUqxz5T8B2d+FQ==}
    engines: {node: '>= 12.0.0'}
    dependencies:
      '@aws-sdk/property-provider': 3.78.0
      '@aws-sdk/shared-ini-file-loader': 3.80.0
      '@aws-sdk/types': 3.78.0
      tslib: 2.4.0
    dev: true

  /@aws-sdk/credential-provider-sso/3.82.0:
    resolution: {integrity: sha512-cOIFD6dohrp/cz3bkT0rxbfHgNA4wXRtOciitbBpNnfxOdu51M9bp+XZFb3tdTfhE9fIr4Y+BGqF6AXWZkikLg==}
    engines: {node: '>= 12.0.0'}
    dependencies:
      '@aws-sdk/client-sso': 3.82.0
      '@aws-sdk/property-provider': 3.78.0
      '@aws-sdk/shared-ini-file-loader': 3.80.0
      '@aws-sdk/types': 3.78.0
      tslib: 2.4.0
    dev: true

  /@aws-sdk/credential-provider-web-identity/3.78.0:
    resolution: {integrity: sha512-9/IvqHdJaVqMEABA8xZE3t5YF1S2PepfckVu0Ws9YUglj6oO+2QyVX6aRgMF1xph6781+Yc31TDh8/3eaDja7w==}
    engines: {node: '>= 12.0.0'}
    dependencies:
      '@aws-sdk/property-provider': 3.78.0
      '@aws-sdk/types': 3.78.0
      tslib: 2.4.0
    dev: true

  /@aws-sdk/credential-providers/3.82.0:
    resolution: {integrity: sha512-sWJCozPvUlz31SdgB8I7gEmybVHbcTbddNHzyQ1HNeo1wSBo36caNsgpVCN/J88tLLMZF7noQ846uA9CEKD5DQ==}
    engines: {node: '>= 12.0.0'}
    dependencies:
      '@aws-sdk/client-cognito-identity': 3.82.0
      '@aws-sdk/client-sso': 3.82.0
      '@aws-sdk/client-sts': 3.82.0
      '@aws-sdk/credential-provider-cognito-identity': 3.82.0
      '@aws-sdk/credential-provider-env': 3.78.0
      '@aws-sdk/credential-provider-imds': 3.81.0
      '@aws-sdk/credential-provider-ini': 3.82.0
      '@aws-sdk/credential-provider-process': 3.80.0
      '@aws-sdk/credential-provider-sso': 3.82.0
      '@aws-sdk/credential-provider-web-identity': 3.78.0
      '@aws-sdk/property-provider': 3.78.0
      '@aws-sdk/shared-ini-file-loader': 3.80.0
      '@aws-sdk/types': 3.78.0
      tslib: 2.4.0
    dev: true

  /@aws-sdk/fetch-http-handler/3.78.0:
    resolution: {integrity: sha512-cR6r2h2kJ1DNEZSXC6GknQB7OKmy+s9ZNV+g3AsNqkrUmNNOaHpFoSn+m6SC3qaclcGd0eQBpqzSu/TDn23Ihw==}
    dependencies:
      '@aws-sdk/protocol-http': 3.78.0
      '@aws-sdk/querystring-builder': 3.78.0
      '@aws-sdk/types': 3.78.0
      '@aws-sdk/util-base64-browser': 3.58.0
      tslib: 2.4.0
    dev: true

  /@aws-sdk/hash-node/3.78.0:
    resolution: {integrity: sha512-ev48yXaqZVtMeuKy52LUZPHCyKvkKQ9uiUebqkA+zFxIk+eN8SMPFHmsififIHWuS6ZkXBUSctjH9wmLebH60A==}
    engines: {node: '>= 12.0.0'}
    dependencies:
      '@aws-sdk/types': 3.78.0
      '@aws-sdk/util-buffer-from': 3.55.0
      tslib: 2.4.0
    dev: true

  /@aws-sdk/invalid-dependency/3.78.0:
    resolution: {integrity: sha512-zUo+PbeRMN/Mzj6y+6p9qqk/znuFetT1gmpOcZGL9Rp2T+b9WJWd+daq5ktsL10sVCzIt2UvneJRz6b+aU+bfw==}
    dependencies:
      '@aws-sdk/types': 3.78.0
      tslib: 2.4.0
    dev: true

  /@aws-sdk/is-array-buffer/3.55.0:
    resolution: {integrity: sha512-NbiPHVYuPxdqdFd6FxzzN3H1BQn/iWA3ri3Ry7AyLeP/tGs1yzEWMwf8BN8TSMALI0GXT6Sh0GDWy3Ok5xB6DA==}
    engines: {node: '>= 12.0.0'}
    dependencies:
      tslib: 2.4.0

  /@aws-sdk/middleware-content-length/3.78.0:
    resolution: {integrity: sha512-5MpKt6lB9TdFy25/AGrpOjPY0iDHZAKpEHc+jSOJBXLl6xunXA7qHdiYaVqkWodLxy70nIckGNHqQ3drabidkA==}
    engines: {node: '>= 12.0.0'}
    dependencies:
      '@aws-sdk/protocol-http': 3.78.0
      '@aws-sdk/types': 3.78.0
      tslib: 2.4.0
    dev: true

  /@aws-sdk/middleware-host-header/3.78.0:
    resolution: {integrity: sha512-1zL8uaDWGmH50c8B8jjz75e0ePj6/3QeZEhjJgTgL6DTdiqvRt32p3t+XWHW+yDI14fZZUYeTklAaLVxqFrHqQ==}
    engines: {node: '>= 12.0.0'}
    dependencies:
      '@aws-sdk/protocol-http': 3.78.0
      '@aws-sdk/types': 3.78.0
      tslib: 2.4.0
    dev: true

  /@aws-sdk/middleware-logger/3.78.0:
    resolution: {integrity: sha512-GBhwxNjhCJUIeQQDaGasX/C23Jay77al2vRyGwmxf8no0DdFsa4J1Ik6/2hhIqkqko+WM4SpCnpZrY4MtnxNvA==}
    engines: {node: '>= 12.0.0'}
    dependencies:
      '@aws-sdk/types': 3.78.0
      tslib: 2.4.0
    dev: true

  /@aws-sdk/middleware-retry/3.80.0:
    resolution: {integrity: sha512-CTk+tA4+WMUNOcUfR6UQrkhwvPYFpnMsQ1vuHlpLFOGG3nCqywA2hueLMRQmVcDXzP0sGeygce6dzRI9dJB/GA==}
    engines: {node: '>= 12.0.0'}
    dependencies:
      '@aws-sdk/protocol-http': 3.78.0
      '@aws-sdk/service-error-classification': 3.78.0
      '@aws-sdk/types': 3.78.0
      '@aws-sdk/util-middleware': 3.78.0
      tslib: 2.4.0
      uuid: 8.3.2
    dev: true

  /@aws-sdk/middleware-sdk-sts/3.78.0:
    resolution: {integrity: sha512-Lu/kN0J0/Kt0ON1hvwNel+y8yvf35licfIgtedHbBCa/ju8qQ9j+uL9Lla6Y5Tqu29yVaye1JxhiIDhscSwrLA==}
    engines: {node: '>= 12.0.0'}
    dependencies:
      '@aws-sdk/middleware-signing': 3.78.0
      '@aws-sdk/property-provider': 3.78.0
      '@aws-sdk/protocol-http': 3.78.0
      '@aws-sdk/signature-v4': 3.78.0
      '@aws-sdk/types': 3.78.0
      tslib: 2.4.0
    dev: true

  /@aws-sdk/middleware-serde/3.78.0:
    resolution: {integrity: sha512-4DPsNOxsl1bxRzfo1WXEZjmD7OEi7qGNpxrDWucVe96Fqj2dH08jR8wxvBIVV1e6bAad07IwdPuCGmivNvwRuQ==}
    engines: {node: '>= 12.0.0'}
    dependencies:
      '@aws-sdk/types': 3.78.0
      tslib: 2.4.0
    dev: true

  /@aws-sdk/middleware-signing/3.78.0:
    resolution: {integrity: sha512-OEjJJCNhHHSOprLZ9CzjHIXEKFtPHWP/bG9pMhkV3/6Bmscsgcf8gWHcOnmIrjqX+hT1VALDNpl/RIh0J6/eQw==}
    engines: {node: '>= 12.0.0'}
    dependencies:
      '@aws-sdk/property-provider': 3.78.0
      '@aws-sdk/protocol-http': 3.78.0
      '@aws-sdk/signature-v4': 3.78.0
      '@aws-sdk/types': 3.78.0
      tslib: 2.4.0
    dev: true

  /@aws-sdk/middleware-stack/3.78.0:
    resolution: {integrity: sha512-UoNfRh6eAJN3BJHlG1eb+KeuSe+zARTC2cglroJRyHc2j7GxH2i9FD3IJbj5wvzopJEnQzuY/VCs6STFkqWL1g==}
    engines: {node: '>= 12.0.0'}
    dependencies:
      tslib: 2.4.0
    dev: true

  /@aws-sdk/middleware-user-agent/3.78.0:
    resolution: {integrity: sha512-wdN5uoq8RxxhLhj0EPeuDSRFuXfUwKeEqRzCKMsYAOC0cAm+PryaP2leo0oTGJ9LUK8REK7zyfFcmtC4oOzlkA==}
    engines: {node: '>= 12.0.0'}
    dependencies:
      '@aws-sdk/protocol-http': 3.78.0
      '@aws-sdk/types': 3.78.0
      tslib: 2.4.0
    dev: true

  /@aws-sdk/node-config-provider/3.80.0:
    resolution: {integrity: sha512-vyTOMK04huB7n10ZUv0thd2TE6KlY8livOuLqFTMtj99AJ6vyeB5XBNwKnQtJIt/P7CijYgp8KcFvI9fndOmKg==}
    engines: {node: '>= 12.0.0'}
    dependencies:
      '@aws-sdk/property-provider': 3.78.0
      '@aws-sdk/shared-ini-file-loader': 3.80.0
      '@aws-sdk/types': 3.78.0
      tslib: 2.4.0
    dev: true

  /@aws-sdk/node-http-handler/3.82.0:
    resolution: {integrity: sha512-yyq/DA/IMzL4fLJhV7zVfP7aUQWPHfOKTCJjWB3KeV5YPiviJtSKb/KyzNi+gQyO7SmsL/8vQbQrf3/s7N/2OA==}
    engines: {node: '>= 12.0.0'}
    dependencies:
      '@aws-sdk/abort-controller': 3.78.0
      '@aws-sdk/protocol-http': 3.78.0
      '@aws-sdk/querystring-builder': 3.78.0
      '@aws-sdk/types': 3.78.0
      tslib: 2.4.0
    dev: true

  /@aws-sdk/property-provider/3.78.0:
    resolution: {integrity: sha512-PZpLvV0hF6lqg3CSN9YmphrB/t5LVJVWGJLB9d9qm7sJs5ksjTYBb5bY91OQ3zit0F4cqBMU8xt2GQ9J6d4DvQ==}
    engines: {node: '>= 12.0.0'}
    dependencies:
      '@aws-sdk/types': 3.78.0
      tslib: 2.4.0
    dev: true

  /@aws-sdk/protocol-http/3.78.0:
    resolution: {integrity: sha512-SQB26MhEK96yDxyXd3UAaxLz1Y/ZvgE4pzv7V3wZiokdEedM0kawHKEn1UQJlqJLEZcQI9QYyysh3rTvHZ3fyg==}
    engines: {node: '>= 12.0.0'}
    dependencies:
      '@aws-sdk/types': 3.78.0
      tslib: 2.4.0
    dev: true

  /@aws-sdk/querystring-builder/3.78.0:
    resolution: {integrity: sha512-aib6RW1WAaTQDqVgRU1Ku9idkhm90gJKbCxVaGId+as6QHNUqMChEfK2v+0afuKiPNOs5uWmqvOXI9+Gt+UGDg==}
    engines: {node: '>= 12.0.0'}
    dependencies:
      '@aws-sdk/types': 3.78.0
      '@aws-sdk/util-uri-escape': 3.55.0
      tslib: 2.4.0
    dev: true

  /@aws-sdk/querystring-parser/3.78.0:
    resolution: {integrity: sha512-csaH8YTyN+KMNczeK6fBS8l7iJaqcQcKOIbpQFg5upX4Ly5A56HJn4sVQhY1LSgfSk4xRsNfMy5mu6BlsIiaXA==}
    engines: {node: '>= 12.0.0'}
    dependencies:
      '@aws-sdk/types': 3.78.0
      tslib: 2.4.0
    dev: true

  /@aws-sdk/service-error-classification/3.78.0:
    resolution: {integrity: sha512-x7Lx8KWctJa01q4Q72Zb4ol9L/era3vy2daASu8l2paHHxsAPBE0PThkvLdUSLZSzlHSVdh3YHESIsT++VsK4w==}
    engines: {node: '>= 12.0.0'}
    dev: true

  /@aws-sdk/shared-ini-file-loader/3.80.0:
    resolution: {integrity: sha512-3d5EBJjnWWkjLK9skqLLHYbagtFaZZy+3jUTlbTuOKhlOwe8jF7CUM3j6I4JA6yXNcB3w0exDKKHa8w+l+05aA==}
    engines: {node: '>= 12.0.0'}
    dependencies:
      tslib: 2.4.0
    dev: true

  /@aws-sdk/signature-v4/3.78.0:
    resolution: {integrity: sha512-eePjRYuzKoi3VMr/lgrUEF1ytLeH4fA/NMCykr/uR6NMo4bSJA59KrFLYSM7SlWLRIyB0UvJqygVEvSxFluyDw==}
    engines: {node: '>= 12.0.0'}
    dependencies:
      '@aws-sdk/is-array-buffer': 3.55.0
      '@aws-sdk/types': 3.78.0
      '@aws-sdk/util-hex-encoding': 3.58.0
      '@aws-sdk/util-middleware': 3.78.0
      '@aws-sdk/util-uri-escape': 3.55.0
      tslib: 2.4.0

  /@aws-sdk/smithy-client/3.78.0:
    resolution: {integrity: sha512-qweaupZtFPm9rFiEgErnVNgB6co/DylJfhC6/UImHBKa7mGzxv6t2JDm6+d8fs8cNnGNXozN+jJG8Lz6C8Roxw==}
    engines: {node: '>= 12.0.0'}
    dependencies:
      '@aws-sdk/middleware-stack': 3.78.0
      '@aws-sdk/types': 3.78.0
      tslib: 2.4.0
    dev: true

  /@aws-sdk/types/3.78.0:
    resolution: {integrity: sha512-I9PTlVNSbwhIgMfmDM5as1tqRIkVZunjVmfogb2WVVPp4CaX0Ll01S0FSMSLL9k6tcQLXqh45pFRjrxCl9WKdQ==}
    engines: {node: '>= 12.0.0'}

  /@aws-sdk/url-parser/3.78.0:
    resolution: {integrity: sha512-iQn2AjECUoJE0Ae9XtgHtGGKvUkvE8hhbktGopdj+zsPBe4WrBN2DgVxlKPPrBonG/YlcL1D7a5EXaujWSlUUw==}
    dependencies:
      '@aws-sdk/querystring-parser': 3.78.0
      '@aws-sdk/types': 3.78.0
      tslib: 2.4.0
    dev: true

  /@aws-sdk/util-base64-browser/3.58.0:
    resolution: {integrity: sha512-0ebsXIZNpu/fup9OgsFPnRKfCFbuuI9PPRzvP6twzLxUB0c/aix6Co7LGHFKcRKHZdaykoJMXArf8eHj2Nzv1Q==}
    dependencies:
      tslib: 2.4.0
    dev: true

  /@aws-sdk/util-base64-node/3.55.0:
    resolution: {integrity: sha512-UQ/ZuNoAc8CFMpSiRYmevaTsuRKzLwulZTnM8LNlIt9Wx1tpNvqp80cfvVj7yySKROtEi20wq29h31dZf1eYNQ==}
    engines: {node: '>= 12.0.0'}
    dependencies:
      '@aws-sdk/util-buffer-from': 3.55.0
      tslib: 2.4.0
    dev: true

  /@aws-sdk/util-body-length-browser/3.55.0:
    resolution: {integrity: sha512-Ei2OCzXQw5N6ZkTMZbamUzc1z+z1R1Ja5tMEagz5BxuX4vWdBObT+uGlSzL8yvTbjoPjnxWA2aXyEqaUP3JS8Q==}
    dependencies:
      tslib: 2.4.0
    dev: true

  /@aws-sdk/util-body-length-node/3.55.0:
    resolution: {integrity: sha512-lU1d4I+9wJwydduXs0SxSfd+mHKjxeyd39VwOv6i2KSwWkPbji9UQqpflKLKw+r45jL7+xU/zfeTUg5Tt/3Gew==}
    engines: {node: '>= 12.0.0'}
    dependencies:
      tslib: 2.4.0
    dev: true

  /@aws-sdk/util-buffer-from/3.55.0:
    resolution: {integrity: sha512-uVzKG1UgvnV7XX2FPTylBujYMKBPBaq/qFBxfl0LVNfrty7YjpfieQxAe6yRLD+T0Kir/WDQwGvYC+tOYG3IGA==}
    engines: {node: '>= 12.0.0'}
    dependencies:
      '@aws-sdk/is-array-buffer': 3.55.0
      tslib: 2.4.0
    dev: true

  /@aws-sdk/util-config-provider/3.55.0:
    resolution: {integrity: sha512-30dzofQQfx6tp1jVZkZ0DGRsT0wwC15nEysKRiAcjncM64A0Cm6sra77d0os3vbKiKoPCI/lMsFr4o3533+qvQ==}
    engines: {node: '>= 12.0.0'}
    dependencies:
      tslib: 2.4.0
    dev: true

  /@aws-sdk/util-defaults-mode-browser/3.78.0:
    resolution: {integrity: sha512-fsKEqlRbrztjpdTsMbZTlWxFpo3Av9QeYYpJuFaZbwfE0ElzinUU54kKwUrKbi60HRroQV+itoUNj3JogQDeHw==}
    engines: {node: '>= 10.0.0'}
    dependencies:
      '@aws-sdk/property-provider': 3.78.0
      '@aws-sdk/types': 3.78.0
      bowser: 2.11.0
      tslib: 2.4.0
    dev: true

  /@aws-sdk/util-defaults-mode-node/3.81.0:
    resolution: {integrity: sha512-+7YOtl+TxF08oXt2h/ONP5qk6ZZg6GaO1YSAdpjIfco4odhpy7N2AlEGSX0jZyP6Zbfi+8N7yihBa4sOuOf+Cw==}
    engines: {node: '>= 10.0.0'}
    dependencies:
      '@aws-sdk/config-resolver': 3.80.0
      '@aws-sdk/credential-provider-imds': 3.81.0
      '@aws-sdk/node-config-provider': 3.80.0
      '@aws-sdk/property-provider': 3.78.0
      '@aws-sdk/types': 3.78.0
      tslib: 2.4.0
    dev: true

  /@aws-sdk/util-hex-encoding/3.58.0:
    resolution: {integrity: sha512-Rl+jXUzk/FJkOLYfUVYPhKa2aUmTpeobRP31l8IatQltSzDgLyRHO35f6UEs7Ztn5s1jbu/POatLAZ2WjbgVyg==}
    engines: {node: '>= 12.0.0'}
    dependencies:
      tslib: 2.4.0

  /@aws-sdk/util-locate-window/3.55.0:
    resolution: {integrity: sha512-0sPmK2JaJE2BbTcnvybzob/VrFKCXKfN4CUKcvn0yGg/me7Bz+vtzQRB3Xp+YSx+7OtWxzv63wsvHoAnXvgxgg==}
    engines: {node: '>= 12.0.0'}
    dependencies:
      tslib: 2.4.0
    dev: true

  /@aws-sdk/util-middleware/3.78.0:
    resolution: {integrity: sha512-Hi3wv2b0VogO4mzyeEaeU5KgIt4qeo0LXU5gS6oRrG0T7s2FyKbMBkJW3YDh/Y8fNwqArZ+/QQFujpP0PIKwkA==}
    engines: {node: '>= 12.0.0'}
    dependencies:
      tslib: 2.4.0

  /@aws-sdk/util-uri-escape/3.55.0:
    resolution: {integrity: sha512-mmdDLUpFCN2nkfwlLdOM54lTD528GiGSPN1qb8XtGLgZsJUmg3uJSFIN2lPeSbEwJB3NFjVas/rnQC48i7mV8w==}
    engines: {node: '>= 12.0.0'}
    dependencies:
      tslib: 2.4.0

  /@aws-sdk/util-user-agent-browser/3.78.0:
    resolution: {integrity: sha512-diGO/Bf4ggBOEnfD7lrrXaaXOwOXGz0bAJ0HhpizwEMlBld5zfDlWXjNpslh+8+u3EHRjPJQ16KGT6mp/Dm+aw==}
    dependencies:
      '@aws-sdk/types': 3.78.0
      bowser: 2.11.0
      tslib: 2.4.0
    dev: true

  /@aws-sdk/util-user-agent-node/3.80.0:
    resolution: {integrity: sha512-QV26qIXws1m6sZXg65NS+XrQ5NhAzbDVQLtEVE4nC39UN8fuieP6Uet/gZm9mlLI9hllwvcV7EfgBM3GSC7pZg==}
    engines: {node: '>= 12.0.0'}
    dependencies:
      '@aws-sdk/node-config-provider': 3.80.0
      '@aws-sdk/types': 3.78.0
      tslib: 2.4.0
    dev: true

  /@aws-sdk/util-utf8-browser/3.55.0:
    resolution: {integrity: sha512-ljzqJcyjfJpEVSIAxwtIS8xMRUly84BdjlBXyp6cu4G8TUufgjNS31LWdhyGhgmW5vYBNr+LTz0Kwf6J+ou7Ug==}
    dependencies:
      tslib: 2.4.0

  /@aws-sdk/util-utf8-node/3.55.0:
    resolution: {integrity: sha512-FsFm7GFaC7j0tlPEm/ri8bU2QCwFW5WKjxUg8lm1oWaxplCpKGUsmcfPJ4sw58GIoyoGu4QXBK60oCWosZYYdQ==}
    engines: {node: '>= 12.0.0'}
    dependencies:
      '@aws-sdk/util-buffer-from': 3.55.0
      tslib: 2.4.0
    dev: true

  /@balena/dockerignore/1.0.2:
    resolution: {integrity: sha512-wMue2Sy4GAVTk6Ic4tJVcnfdau+gx2EnG7S+uAEe+TWJFqE4YoWN4/H8MSLj4eYJKxGg26lZwboEniNiNwZQ6Q==}
    dev: false

  /@tsconfig/node14/1.0.1:
    resolution: {integrity: sha512-509r2+yARFfHHE7T6Puu2jjkoycftovhXRqW328PDXTVGKihlb1P8Z9mMZH04ebyajfRY7dedfGynlrFHJUQCg==}
    dev: true

  /@types/aws-lambda/8.10.95:
    resolution: {integrity: sha512-wGtzLbd04EmqhFjTZmXgLzvmhDdyVU7AMo/JkiPmA2VUdBFQfUBQFCEzaVVK+f1PP5aWx1ejnb7K/8MXYI/frQ==}
    dev: true

  /@types/node-fetch/2.6.1:
    resolution: {integrity: sha512-oMqjURCaxoSIsHSr1E47QHzbmzNR5rK8McHuNb11BOM9cHcIK3Avy0s/b2JlXHoQGTYS3NsvWzV1M0iK7l0wbA==}
    dependencies:
      '@types/node': 14.18.16
      form-data: 3.0.1
    dev: false

  /@types/node/14.18.16:
    resolution: {integrity: sha512-X3bUMdK/VmvrWdoTkz+VCn6nwKwrKCFTHtqwBIaQJNx4RUIBBUFXM00bqPz/DsDd+Icjmzm6/tyYZzeGVqb6/Q==}

  /@vercel/ncc/0.33.4:
    resolution: {integrity: sha512-ln18hs7dMffelP47tpkaR+V5Tj6coykNyxJrlcmCormPqRQjB/Gv4cu2FfBG+PMzIfdZp2CLDsrrB1NPU22Qhg==}
    hasBin: true
    dev: true

  /archiver-utils/2.1.0:
    resolution: {integrity: sha512-bEL/yUb/fNNiNTuUz979Z0Yg5L+LzLxGJz8x79lYmR54fmTIb6ob/hNQgkQnIUDWIFjZVQwl9Xs356I6BAMHfw==}
    engines: {node: '>= 6'}
    dependencies:
      glob: 7.2.0
      graceful-fs: 4.2.10
      lazystream: 1.0.1
      lodash.defaults: 4.2.0
      lodash.difference: 4.5.0
      lodash.flatten: 4.4.0
      lodash.isplainobject: 4.0.6
      lodash.union: 4.6.0
      normalize-path: 3.0.0
      readable-stream: 2.3.7
    dev: true

  /archiver/5.3.1:
    resolution: {integrity: sha512-8KyabkmbYrH+9ibcTScQ1xCJC/CGcugdVIwB+53f5sZziXgwUh3iXlAlANMxcZyDEfTHMe6+Z5FofV8nopXP7w==}
    engines: {node: '>= 10'}
    dependencies:
      archiver-utils: 2.1.0
      async: 3.2.3
      buffer-crc32: 0.2.13
      readable-stream: 3.6.0
      readdir-glob: 1.1.1
      tar-stream: 2.2.0
      zip-stream: 4.1.0
    dev: true

  /arg/5.0.1:
    resolution: {integrity: sha512-e0hDa9H2Z9AwFkk2qDlwhoMYE4eToKarchkQHovNdLTCYMHZHeRjI71crOh+dio4K6u1IcwubQqo79Ga4CyAQA==}
    dev: true

  /async/3.2.3:
    resolution: {integrity: sha512-spZRyzKL5l5BZQrr/6m/SqFdBN0q3OCI0f9rjfBzCMBIP4p75P620rR3gTmaksNOhmzgdxcaxdNfMy6anrbM0g==}
    dev: true

  /asynckit/0.4.0:
    resolution: {integrity: sha1-x57Zf380y48robyXkLzDZkdLS3k=}
    dev: false

  /at-least-node/1.0.0:
    resolution: {integrity: sha512-+q/t7Ekv1EDY2l6Gda6LLiX14rU9TV20Wa3ofeQmwPFZbOMo9DXrLbOjFaaclkXKWidIaopwAObQDqwWtGUjqg==}
    engines: {node: '>= 4.0.0'}
    dev: false

  /aws-cdk-lib/2.22.0_constructs@10.0.130:
    resolution: {integrity: sha512-Orz+c746XGm1QBJKb3Wh6qH2rpmHdYMS5A4Wk91niYzrY4Q2kck/XLeQtEwOzscbW2Hqwc6vXTEpkldAI2pzGw==}
    engines: {node: '>= 14.15.0'}
    peerDependencies:
      constructs: ^10.0.0
    dependencies:
      '@balena/dockerignore': 1.0.2
      case: 1.6.3
      constructs: 10.0.130
      fs-extra: 9.1.0
      ignore: 5.2.0
      jsonschema: 1.4.0
      minimatch: 3.1.2
      punycode: 2.1.1
      semver: 7.3.7
      yaml: 1.10.2
    dev: false
    bundledDependencies:
      - '@balena/dockerignore'
      - case
      - fs-extra
      - ignore
      - jsonschema
      - minimatch
      - punycode
      - semver
      - yaml

  /aws-cdk/2.22.0:
    resolution: {integrity: sha512-oF3VCv/rtuLk8eLb6CBEWvEobabG8q05ersawGEy9CBhKbKNjfY1FDz6gc3ssksTwfcJqyJms2l/BQlLMBjugw==}
    engines: {node: '>= 14.15.0'}
    hasBin: true
    optionalDependencies:
      fsevents: 2.3.2
    dev: true

  /balanced-match/1.0.2:
    resolution: {integrity: sha512-3oSeUO0TMV67hN1AmbXsK4yaqU7tjiHlbxRDZOpH0KW9+CeX4bRAaX0Anxt0tx2MrpRpWwQaPwIlISEJhYU5Pw==}

  /base64-js/1.5.1:
    resolution: {integrity: sha512-AKpaYlHn8t4SVbOHCy+b5+KKgvR4vrsD8vbvrbiQJps7fKDTkjkDry6ji0rUJjC0kzbNePLwzxq8iypo41qeWA==}
    dev: true

  /bl/4.1.0:
    resolution: {integrity: sha512-1W07cM9gS6DcLperZfFSj+bWLtaPGSOHWhPiGzXmvVJbRLdG82sH/Kn8EtW1VqWVA54AKf2h5k5BbnIbwF3h6w==}
    dependencies:
      buffer: 5.7.1
      inherits: 2.0.4
      readable-stream: 3.6.0
    dev: true

  /bowser/2.11.0:
    resolution: {integrity: sha512-AlcaJBi/pqqJBIQ8U9Mcpc9i8Aqxn88Skv5d+xBX006BY5u8N3mGLHa5Lgppa7L/HfwgwLgZ6NYs+Ag6uUmJRA==}
    dev: true

  /brace-expansion/1.1.11:
    resolution: {integrity: sha512-iCuPHDFgrHX7H2vEI/5xpz07zSHB00TpugqhmYtVmMO6518mCuRMoOYFldEBl0g187ufozdaHgWKcYFb61qGiA==}
    dependencies:
      balanced-match: 1.0.2
      concat-map: 0.0.1

  /brace-expansion/2.0.1:
    resolution: {integrity: sha512-XnAIvQ8eM+kC6aULx6wuQiwVsnzsi9d3WxzV3FpWTGA19F621kwdbsAcFKXgKUHZWsy+mY6iL1sHTxWEFCytDA==}
    dependencies:
      balanced-match: 1.0.2
    dev: true

  /buffer-crc32/0.2.13:
    resolution: {integrity: sha1-DTM+PwDqxQqhRUq9MO+MKl2ackI=}
    dev: true

  /buffer/5.7.1:
    resolution: {integrity: sha512-EHcyIPBQ4BSGlvjB16k5KgAJ27CIsHY/2JBmCRReo48y9rQ3MaUzWX3KVlBa4U7MyX02HdVj0K7C3WaB3ju7FQ==}
    dependencies:
      base64-js: 1.5.1
      ieee754: 1.2.1
    dev: true

  /case/1.6.3:
    resolution: {integrity: sha512-mzDSXIPaFwVDvZAHqZ9VlbyF4yyXRuX6IvB06WvPYkqJVO24kX1PPhv9bfpKNFZyxYFmmgo03HUiD8iklmJYRQ==}
    engines: {node: '>= 0.8.0'}
    dev: false

  /combined-stream/1.0.8:
    resolution: {integrity: sha512-FQN4MRfuJeHf7cBbBMJFXhKSDq+2kAArBlmRBvcvFE5BB1HZKXtSFASDhdlz9zOYwxh8lDdnvmMOe/+5cdoEdg==}
    engines: {node: '>= 0.8'}
    dependencies:
      delayed-stream: 1.0.0
    dev: false

  /compress-commons/4.1.1:
    resolution: {integrity: sha512-QLdDLCKNV2dtoTorqgxngQCMA+gWXkM/Nwu7FpeBhk/RdkzimqC3jueb/FDmaZeXh+uby1jkBqE3xArsLBE5wQ==}
    engines: {node: '>= 10'}
    dependencies:
      buffer-crc32: 0.2.13
      crc32-stream: 4.0.2
      normalize-path: 3.0.0
      readable-stream: 3.6.0
    dev: true

  /concat-map/0.0.1:
    resolution: {integrity: sha1-2Klr13/Wjfd5OnMDajug1UBdR3s=}

  /constructs/10.0.130:
    resolution: {integrity: sha512-9LYBePJHHnuXCr42eN0T4+O8xXHRxxak6G/UX+avt8ZZ/SNE9HFbFD8a+FKP8ixSNzzaEamDMswrMwPPTtU8cA==}
    engines: {node: '>= 12.7.0'}
    dev: false

  /core-util-is/1.0.3:
    resolution: {integrity: sha512-ZQBvi1DcpJ4GDqanjucZ2Hj3wEO5pZDS89BWbkcrvdxksJorwUDDZamX9ldFkp9aw2lmBDLgkObEA4DWNJ9FYQ==}
    dev: true

  /crc-32/1.2.2:
    resolution: {integrity: sha512-ROmzCKrTnOwybPcJApAA6WBWij23HVfGVNKqqrZpuyZOHqK2CwHSvpGuyt/UNNvaIjEd8X5IFGp4Mh+Ie1IHJQ==}
    engines: {node: '>=0.8'}
    hasBin: true
    dev: true

  /crc32-stream/4.0.2:
    resolution: {integrity: sha512-DxFZ/Hk473b/muq1VJ///PMNLj0ZMnzye9thBpmjpJKCc5eMgB95aK8zCGrGfQ90cWo561Te6HK9D+j4KPdM6w==}
    engines: {node: '>= 10'}
    dependencies:
      crc-32: 1.2.2
      readable-stream: 3.6.0
    dev: true

  /delayed-stream/1.0.0:
    resolution: {integrity: sha1-3zrhmayt+31ECqrgsp4icrJOxhk=}
    engines: {node: '>=0.4.0'}
    dev: false

  /end-of-stream/1.4.4:
    resolution: {integrity: sha512-+uw1inIHVPQoaVuHzRyXd21icM+cnt4CzD5rW+NC1wjOUSTOs+Te7FOv7AhN7vS9x/oIyhLP5PR1H+phQAHu5Q==}
    dependencies:
      once: 1.4.0
    dev: true

  /entities/2.2.0:
    resolution: {integrity: sha512-p92if5Nz619I0w+akJrLZH0MX0Pb5DX39XOwQTtXSdQQOaYH03S1uIQp4mhOZtAXrxq4ViO67YTiLBo2638o9A==}
    dev: true

  /fast-xml-parser/3.19.0:
    resolution: {integrity: sha512-4pXwmBplsCPv8FOY1WRakF970TjNGnGnfbOnLqjlYvMiF1SR3yOHyxMR/YCXpPTOspNF5gwudqktIP4VsWkvBg==}
    hasBin: true
    dev: true

  /form-data/3.0.1:
    resolution: {integrity: sha512-RHkBKtLWUVwd7SqRIvCZMEvAMoGUp0XU+seQiZejj0COz3RI3hWP4sCv3gZWWLjJTd7rGwcsF5eKZGii0r/hbg==}
    engines: {node: '>= 6'}
    dependencies:
      asynckit: 0.4.0
      combined-stream: 1.0.8
      mime-types: 2.1.35
    dev: false

  /fs-constants/1.0.0:
    resolution: {integrity: sha512-y6OAwoSIf7FyjMIv94u+b5rdheZEjzR63GTyZJm5qh4Bi+2YgwLCcI/fPFZkL5PSixOt6ZNKm+w+Hfp/Bciwow==}
    dev: true

  /fs-extra/9.1.0:
    resolution: {integrity: sha512-hcg3ZmepS30/7BSFqRvoo3DOMQu7IjqxO5nCDt+zM9XWjb33Wg7ziNT+Qvqbuc3+gWpzO02JubVyk2G4Zvo1OQ==}
    engines: {node: '>=10'}
    dependencies:
      at-least-node: 1.0.0
      graceful-fs: 4.2.10
      jsonfile: 6.1.0
      universalify: 2.0.0
    dev: false

  /fs.realpath/1.0.0:
    resolution: {integrity: sha1-FQStJSMVjKpA20onh8sBQRmU6k8=}
    dev: true

  /fsevents/2.3.2:
    resolution: {integrity: sha512-xiqMQR4xAeHTuB9uWm+fFRcIOgKBMiOBP+eXiyT7jsgVCq1bkVygt00oASowB7EdtpOHaaPgKt812P9ab+DDKA==}
    engines: {node: ^8.16.0 || ^10.6.0 || >=11.0.0}
    os: [darwin]
    requiresBuild: true
    dev: true
    optional: true

  /glob/7.2.0:
    resolution: {integrity: sha512-lmLf6gtyrPq8tTjSmrO94wBeQbFR3HbLHbuyD69wuyQkImp2hWqMGB47OX65FBkPffO641IP9jWa1z4ivqG26Q==}
    dependencies:
      fs.realpath: 1.0.0
      inflight: 1.0.6
      inherits: 2.0.4
      minimatch: 3.1.2
      once: 1.4.0
      path-is-absolute: 1.0.1
    dev: true

  /graceful-fs/4.2.10:
    resolution: {integrity: sha512-9ByhssR2fPVsNZj478qUUbKfmL0+t5BDVyjShtyZZLiK7ZDAArFFfopyOTj0M05wE2tJPisA4iTnnXl2YoPvOA==}

  /ieee754/1.2.1:
    resolution: {integrity: sha512-dcyqhDvX1C46lXZcVqCpK+FtMRQVdIMN6/Df5js2zouUsqG7I6sFxitIC+7KYK29KdXOLHdu9zL4sFnoVQnqaA==}
    dev: true

  /ignore/5.2.0:
    resolution: {integrity: sha512-CmxgYGiEPCLhfLnpPp1MoRmifwEIOgjcHXxOBjv7mY96c+eWScsOP9c112ZyLdWHi0FxHjI+4uVhKYp/gcdRmQ==}
    engines: {node: '>= 4'}
    dev: false

  /inflight/1.0.6:
    resolution: {integrity: sha1-Sb1jMdfQLQwJvJEKEHW6gWW1bfk=}
    dependencies:
      once: 1.4.0
      wrappy: 1.0.2
    dev: true

  /inherits/2.0.4:
    resolution: {integrity: sha512-k/vGaX4/Yla3WzyMCvTQOXYeIHvqOKtnqBduzTHpzpQZzAskKMhZ2K+EnBiSM9zGSoIFeMpXKxa4dYeZIQqewQ==}
    dev: true

  /isarray/1.0.0:
    resolution: {integrity: sha1-u5NdSFgsuhaMBoNJV6VKPgcSTxE=}
    dev: true

  /jsonfile/6.1.0:
    resolution: {integrity: sha512-5dgndWOriYSm5cnYaJNhalLNDKOqFwyDB/rr1E9ZsGciGvKPs8R2xYGCacuf3z6K1YKDz182fd+fY3cn3pMqXQ==}
    dependencies:
      universalify: 2.0.0
    optionalDependencies:
      graceful-fs: 4.2.10
    dev: false

  /jsonschema/1.4.0:
    resolution: {integrity: sha512-/YgW6pRMr6M7C+4o8kS+B/2myEpHCrxO4PEWnqJNBFMjn7EWXqlQ4tGwL6xTHeRplwuZmcAncdvfOad1nT2yMw==}
    dev: false

  /lazystream/1.0.1:
    resolution: {integrity: sha512-b94GiNHQNy6JNTrt5w6zNyffMrNkXZb3KTkCZJb2V1xaEGCk093vkZ2jk3tpaeP33/OiXC+WvK9AxUebnf5nbw==}
    engines: {node: '>= 0.6.3'}
    dependencies:
      readable-stream: 2.3.7
    dev: true

  /lodash.defaults/4.2.0:
    resolution: {integrity: sha1-0JF4cW/+pN3p5ft7N/bwgCJ0WAw=}
    dev: true

  /lodash.difference/4.5.0:
    resolution: {integrity: sha1-nMtOUF1Ia5FlE0V3KIWi3yf9AXw=}
    dev: true

  /lodash.flatten/4.4.0:
    resolution: {integrity: sha1-8xwiIlqWMtK7+OSt2+8kCqdlph8=}
    dev: true

  /lodash.isplainobject/4.0.6:
    resolution: {integrity: sha1-fFJqUtibRcRcxpC4gWO+BJf1UMs=}
    dev: true

  /lodash.union/4.6.0:
    resolution: {integrity: sha1-SLtQiECfFvGCFmZkHETdGqrjzYg=}
    dev: true

  /lru-cache/6.0.0:
    resolution: {integrity: sha512-Jo6dJ04CmSjuznwJSS3pUeWmd/H0ffTlkXXgwZi+eq1UCmqQwCh+eLsYOYCwY991i2Fah4h1BEMCx4qThGbsiA==}
    engines: {node: '>=10'}
    dependencies:
      yallist: 4.0.0
    dev: false

  /mime-db/1.52.0:
    resolution: {integrity: sha512-sPU4uV7dYlvtWJxwwxHD0PuihVNiE7TyAbQ5SWxDCB9mUYvOgroQOwYQQOKPJ8CIbE+1ETVlOoK1UC2nU3gYvg==}
    engines: {node: '>= 0.6'}
    dev: false

  /mime-types/2.1.35:
    resolution: {integrity: sha512-ZDY+bPm5zTTF+YpCrAU9nK0UgICYPT0QtT1NZWFv4s++TNkcgVaT0g6+4R2uI4MjQjzysHB1zxuWL50hzaeXiw==}
    engines: {node: '>= 0.6'}
    dependencies:
      mime-db: 1.52.0
    dev: false

  /minimatch/3.1.2:
    resolution: {integrity: sha512-J7p63hRiAjw1NDEww1W7i37+ByIrOWO5XQQAzZ3VOcL0PNybwpfmV/N05zFAzwQ9USyEcX6t3UO+K5aqBQOIHw==}
    dependencies:
      brace-expansion: 1.1.11

  /minimatch/5.0.1:
    resolution: {integrity: sha512-nLDxIFRyhDblz3qMuq+SoRZED4+miJ/G+tdDrjkkkRnjAsBexeGpgjLEQ0blJy7rHhR2b93rhQY4SvyWu9v03g==}
    engines: {node: '>=10'}
    dependencies:
      brace-expansion: 2.0.1
    dev: true

  /mkdirp/1.0.4:
    resolution: {integrity: sha512-vVqVZQyf3WLx2Shd0qJ9xuvqgAyKPLAiqITEtqW0oIUjzo3PePDd6fW9iFz30ef7Ysp/oiWqbhszeGWW2T6Gzw==}
    engines: {node: '>=10'}
    hasBin: true
    dev: true

  /ncc-zip/2.0.0_@vercel+ncc@0.33.4:
    resolution: {integrity: sha512-Ts8mbT2Ts0PeX/aRJ0eWqiEVA7+8ZF3A+D+s9h81d3pdjc/kHrcPoYSPQfvRCNoHObnREZjU27YaQVPv9HehLQ==}
    hasBin: true
    peerDependencies:
      '@vercel/ncc': '*'
    dependencies:
      '@vercel/ncc': 0.33.4
      archiver: 5.3.1
      arg: 5.0.1
      minimatch: 5.0.1
      mkdirp: 1.0.4
      rimraf: 3.0.2
    dev: true

  /node-fetch/2.6.7:
    resolution: {integrity: sha512-ZjMPFEfVx5j+y2yF35Kzx5sF7kDzxuDj6ziH4FFbOp87zKDZNx8yExJIb05OGF4Nlt9IHFIMBkRl41VdvcNdbQ==}
    engines: {node: 4.x || >=6.0.0}
    peerDependencies:
      encoding: ^0.1.0
    peerDependenciesMeta:
      encoding:
        optional: true
    dependencies:
      whatwg-url: 5.0.0
    dev: false

  /normalize-path/3.0.0:
    resolution: {integrity: sha512-6eZs5Ls3WtCisHWp9S2GUy8dqkpGi4BVSz3GaqiE6ezub0512ESztXUwUB6C6IKbQkY2Pnb/mD4WYojCRwcwLA==}
    engines: {node: '>=0.10.0'}
    dev: true

  /once/1.4.0:
    resolution: {integrity: sha1-WDsap3WWHUsROsF9nFC6753Xa9E=}
    dependencies:
      wrappy: 1.0.2
    dev: true

  /path-is-absolute/1.0.1:
    resolution: {integrity: sha1-F0uSaHNVNP+8es5r9TpanhtcX18=}
    engines: {node: '>=0.10.0'}
    dev: true

  /process-nextick-args/2.0.1:
    resolution: {integrity: sha512-3ouUOpQhtgrbOa17J7+uxOTpITYWaGP7/AhoR3+A+/1e9skrzelGi/dXzEYyvbxubEF6Wn2ypscTKiKJFFn1ag==}
    dev: true

  /punycode/2.1.1:
    resolution: {integrity: sha512-XRsRjdf+j5ml+y/6GKHPZbrF/8p2Yga0JPtdqTIY2Xe5ohJPD9saDJJLPvp9+NSBprVvevdXZybnj2cv8OEd0A==}
    engines: {node: '>=6'}
    dev: false

  /readable-stream/2.3.7:
    resolution: {integrity: sha512-Ebho8K4jIbHAxnuxi7o42OrZgF/ZTNcsZj6nRKyUmkhLFq8CHItp/fy6hQZuZmP/n3yZ9VBUbp4zz/mX8hmYPw==}
    dependencies:
      core-util-is: 1.0.3
      inherits: 2.0.4
      isarray: 1.0.0
      process-nextick-args: 2.0.1
      safe-buffer: 5.1.2
      string_decoder: 1.1.1
      util-deprecate: 1.0.2
    dev: true

  /readable-stream/3.6.0:
    resolution: {integrity: sha512-BViHy7LKeTz4oNnkcLJ+lVSL6vpiFeX6/d3oSH8zCW7UxP2onchk+vTGB143xuFjHS3deTgkKoXXymXqymiIdA==}
    engines: {node: '>= 6'}
    dependencies:
      inherits: 2.0.4
      string_decoder: 1.3.0
      util-deprecate: 1.0.2
    dev: true

  /readdir-glob/1.1.1:
    resolution: {integrity: sha512-91/k1EzZwDx6HbERR+zucygRFfiPl2zkIYZtv3Jjr6Mn7SkKcVct8aVO+sSRiGMc6fLf72du3d92/uY63YPdEA==}
    dependencies:
      minimatch: 3.1.2
    dev: true

  /rimraf/3.0.2:
    resolution: {integrity: sha512-JZkJMZkAGFFPP2YqXZXPbMlMBgsxzE8ILs4lMIX/2o0L9UBw9O/Y3o6wFw/i9YLapcUJWwqbi3kdxIPdC62TIA==}
    hasBin: true
    dependencies:
      glob: 7.2.0
    dev: true

  /safe-buffer/5.1.2:
    resolution: {integrity: sha512-Gd2UZBJDkXlY7GbJxfsE8/nvKkUEU1G38c1siN6QP6a9PT9MmHB8GnpscSmMJSoF8LOIrt8ud/wPtojys4G6+g==}
    dev: true

  /safe-buffer/5.2.1:
    resolution: {integrity: sha512-rp3So07KcdmmKbGvgaNxQSJr7bGVSVk5S9Eq1F+ppbRo70+YeaDxkw5Dd8NPN+GD6bjnYm2VuPuCXmpuYvmCXQ==}
    dev: true

  /semver/7.3.7:
    resolution: {integrity: sha512-QlYTucUYOews+WeEujDoEGziz4K6c47V/Bd+LjSSYcA94p+DmINdf7ncaUinThfvZyu13lN9OY1XDxt8C0Tw0g==}
    engines: {node: '>=10'}
    hasBin: true
    dependencies:
      lru-cache: 6.0.0
    dev: false

  /string_decoder/1.1.1:
    resolution: {integrity: sha512-n/ShnvDi6FHbbVfviro+WojiFzv+s8MPMHBczVePfUpDJLwoLT0ht1l4YwBCbi8pJAveEEdnkHyPyTP/mzRfwg==}
    dependencies:
      safe-buffer: 5.1.2
    dev: true

  /string_decoder/1.3.0:
    resolution: {integrity: sha512-hkRX8U1WjJFd8LsDJ2yQ/wWWxaopEsABU1XfkM8A+j0+85JAGppt16cr1Whg6KIbb4okU6Mql6BOj+uup/wKeA==}
    dependencies:
      safe-buffer: 5.2.1
    dev: true

  /tar-stream/2.2.0:
    resolution: {integrity: sha512-ujeqbceABgwMZxEJnk2HDY2DlnUZ+9oEcb1KzTVfYHio0UE6dG71n60d8D2I4qNvleWrrXpmjpt7vZeF1LnMZQ==}
    engines: {node: '>=6'}
    dependencies:
      bl: 4.1.0
      end-of-stream: 1.4.4
      fs-constants: 1.0.0
      inherits: 2.0.4
      readable-stream: 3.6.0
    dev: true

  /tr46/0.0.3:
    resolution: {integrity: sha1-gYT9NH2snNwYWZLzpmIuFLnZq2o=}
    dev: false

  /tslib/1.14.1:
    resolution: {integrity: sha512-Xni35NKzjgMrwevysHTCArtLDpPvye8zV/0E4EyYn43P7/7qvQwPh9BGkHewbMulVntbigmcT7rdX3BNo9wRJg==}

  /tslib/2.4.0:
    resolution: {integrity: sha512-d6xOpEDfsi2CZVlPQzGeux8XMwLT9hssAsaPYExaQMuYskwb+x1x7J371tWlbBdWHroy99KnVB6qIkUbs5X3UQ==}

  /turbo-darwin-64/1.2.8:
    resolution: {integrity: sha512-W46D05e1EUBE5TpRYjAHZXvR01EGhY8AcZUZa1mQCLmOb/W3knS1jHDAMEfXoPuDhdlolejEcbSHFCmqFRQ6OQ==}
    cpu: [x64]
    os: [darwin]
    requiresBuild: true
    dev: true
    optional: true

  /turbo-darwin-arm64/1.2.8:
    resolution: {integrity: sha512-hDcbQzUnKDa5j+MPnt8hbhcENeGD+dxee9O8LkRUGgHFQzqME0YVZsRDwwMCnpRSmr9ZlvZYQJPRELhBdary9Q==}
    cpu: [arm64]
    os: [darwin]
    requiresBuild: true
    dev: true
    optional: true

  /turbo-freebsd-64/1.2.8:
    resolution: {integrity: sha512-Bd91gNJ9QdsJOjGTpY0YYIa/BIS9BP21gKcpcjZHl4pRpPHraeT9M+RYtpv9bWH3BUWYf0HUzfagOHubrkKq+g==}
    cpu: [x64]
    os: [freebsd]
    requiresBuild: true
    dev: true
    optional: true

  /turbo-freebsd-arm64/1.2.8:
    resolution: {integrity: sha512-T+fVnbZNFfQ990F8xazsC16EkV98PkQy091NDKYqbYD6C+PtyV6VpAXX61XDzw01JVJ0GxH/8eiLNttP5lfmnA==}
    cpu: [arm64]
    os: [freebsd]
    requiresBuild: true
    dev: true
    optional: true

  /turbo-linux-32/1.2.8:
    resolution: {integrity: sha512-wdhssIJQJfYPz9x4XTWZQSRI0mbzsU0Qf3+4kM2XeGsP9k4mi+1g+4PbGutOLBzIWd9OY619dXz/ut43RWqepA==}
    cpu: [ia32]
    os: [linux]
    requiresBuild: true
    dev: true
    optional: true

  /turbo-linux-64/1.2.8:
    resolution: {integrity: sha512-9OZhxejgl8qQptTUdGnvNXJeFD+I6xF5jkW/tzu5sY9XcdtVvGJ5S4nXYbzG9kPgg4sC6I2gajMCb1l3f5jxSA==}
    cpu: [x64]
    os: [linux]
    requiresBuild: true
    dev: true
    optional: true

  /turbo-linux-arm/1.2.8:
    resolution: {integrity: sha512-RFLScvJPiuVoTDl83iCFNhXICi+F26A0dhBRaOdD9xP5CjcRTS7ITrPpfiELZ/oQzDdZpk3kD+6MxJPtWxoUkg==}
    cpu: [arm]
    os: [linux]
    requiresBuild: true
    dev: true
    optional: true

  /turbo-linux-arm64/1.2.8:
    resolution: {integrity: sha512-S7Xu5mhEiTOQNVSaERdCEwWn3IdY0hBIBSoU6TNPD8uIR1jw8r2oV/v/hyuNRRbUfq7as+5tmVXW+RXY/dSkEA==}
    cpu: [arm64]
    os: [linux]
    requiresBuild: true
    dev: true
    optional: true

  /turbo-linux-mips64le/1.2.8:
    resolution: {integrity: sha512-JXakBXqVhQrNwwe9t/qw1XowTxKuwv4zh3XVjIX4lKrIPjZZq4XRb3zjLRmtNK7MOV9VZ6Tg6JGc87CNYtp2eA==}
    cpu: [mips64el]
    os: [linux]
    requiresBuild: true
    dev: true
    optional: true

  /turbo-linux-ppc64le/1.2.8:
    resolution: {integrity: sha512-GBFcyV6y+KHmBCylJmk9/b8YO7O5jknWf3Radva3YYcfihzn7gm6pCWd17ML28ZLMEvJfWEtbHrU4gDFk+k7Mw==}
    cpu: [ppc64]
    os: [linux]
    requiresBuild: true
    dev: true
    optional: true

  /turbo-windows-32/1.2.8:
    resolution: {integrity: sha512-z6FSmbPDtDxz0vDbP5Odd1wJx7aACtxQ8XvIRB5sR+dvSCW40RZZLh9LTjWb49y3l7YsnqVdjEE0/bTu56M7hQ==}
    cpu: [ia32]
    os: [win32]
    requiresBuild: true
    dev: true
    optional: true

  /turbo-windows-64/1.2.8:
    resolution: {integrity: sha512-RiIy6ZfuEquje7k53DXNI9zR34AN5/8JJwZLnVhPzdqYdth9EXROS9pOKNNnYEvcWoG34xbgISezsxTXzcHVAA==}
    cpu: [x64]
    os: [win32]
    requiresBuild: true
    dev: true
    optional: true

  /turbo-windows-arm64/1.2.8:
    resolution: {integrity: sha512-usARU7a51r8bY+Z6d7bO3N+97x2C4d2PftbDQaTTBuHQCdbYoZSKhiTPTJfrij8FaxVWjtfoTBxlTCh3mzuNOQ==}
    cpu: [arm64]
    os: [win32]
    requiresBuild: true
    dev: true
    optional: true

  /turbo/1.2.8:
    resolution: {integrity: sha512-Ms5ZvRlTjl3RF+ccWuGK2Gzgm4Zvr6mtaNwtBJR48u8gcDRjg1eSrpkwvCD+ENEVeQ39MxKjNS51ZYPIBnnhUw==}
    hasBin: true
    requiresBuild: true
    optionalDependencies:
      turbo-darwin-64: 1.2.8
      turbo-darwin-arm64: 1.2.8
      turbo-freebsd-64: 1.2.8
      turbo-freebsd-arm64: 1.2.8
      turbo-linux-32: 1.2.8
      turbo-linux-64: 1.2.8
      turbo-linux-arm: 1.2.8
      turbo-linux-arm64: 1.2.8
      turbo-linux-mips64le: 1.2.8
      turbo-linux-ppc64le: 1.2.8
      turbo-windows-32: 1.2.8
      turbo-windows-64: 1.2.8
      turbo-windows-arm64: 1.2.8
    dev: true

  /typescript/4.6.4:
    resolution: {integrity: sha512-9ia/jWHIEbo49HfjrLGfKbZSuWo9iTMwXO+Ca3pRsSpbsMbc7/IU8NKdCZVRRBafVPGnoJeFL76ZOAA84I9fEg==}
    engines: {node: '>=4.2.0'}
    hasBin: true
    dev: true

  /universalify/2.0.0:
    resolution: {integrity: sha512-hAZsKq7Yy11Zu1DE0OzWjw7nnLZmJZYTDZZyEFHZdUhV8FkH5MCfoU1XMaxXovpyW5nq5scPqq0ZDP9Zyl04oQ==}
    engines: {node: '>= 10.0.0'}
    dev: false

  /util-deprecate/1.0.2:
    resolution: {integrity: sha1-RQ1Nyfpw3nMnYvvS1KKJgUGaDM8=}
    dev: true

  /uuid/8.3.2:
    resolution: {integrity: sha512-+NYs2QeMWy+GWFOEm9xnn6HCDp0l7QBD7ml8zLUmJ+93Q5NF0NocErnwkTkXVFNiX3/fpC6afS8Dhb/gz7R7eg==}
    hasBin: true
    dev: true

  /webidl-conversions/3.0.1:
    resolution: {integrity: sha1-JFNCdeKnvGvnvIZhHMFq4KVlSHE=}
    dev: false

  /whatwg-url/5.0.0:
    resolution: {integrity: sha1-lmRU6HZUYuN2RNNib2dCzotwll0=}
    dependencies:
      tr46: 0.0.3
      webidl-conversions: 3.0.1
    dev: false

  /wrappy/1.0.2:
    resolution: {integrity: sha1-tSQ9jz7BqjXxNkYFvA0QNuMKtp8=}
    dev: true

  /yallist/4.0.0:
    resolution: {integrity: sha512-3wdGidZyq5PB084XLES5TpOSRA3wjXAlIWMhum2kRcv/41Sn2emQ0dycQW4uZXLejwKvg6EsvbdlVL+FYEct7A==}
    dev: false

  /yaml/1.10.2:
    resolution: {integrity: sha512-r3vXyErRCYJ7wg28yvBY5VSoAF8ZvlcW9/BwUzEtUsjvX/DKs24dIkuwjtuprwJJHsbyUbLApepYTR1BN4uHrg==}
    engines: {node: '>= 6'}
    dev: false

  /zip-stream/4.1.0:
    resolution: {integrity: sha512-zshzwQW7gG7hjpBlgeQP9RuyPGNxvJdzR8SUM3QhxCnLjWN2E7j3dOvpeDcQoETfHx0urRS7EtmVToql7YpU4A==}
    engines: {node: '>= 10'}
    dependencies:
      archiver-utils: 2.1.0
      compress-commons: 4.1.1
      readable-stream: 3.6.0
    dev: true
